
Microsoft Visual Studio Solution File, Format Version 12.00
Project("{FAE04EC0-301F-11D3-BF4B-00C04F79EFBC}") = "meter", "meter\meter.csproj", "{80519521-9306-46A0-A154-953F3B88881D}"
EndProject
Global
	GlobalSection(SolutionConfigurationPlatforms) = preSolution
		Debug|Any CPU = Debug|Any CPU
		Release|Any CPU = Release|Any CPU
	EndGlobalSection
	GlobalSection(ProjectConfigurationPlatforms) = postSolution
		{80519521-9306-46A0-A154-953F3B88881D}.Debug|Any CPU.ActiveCfg = Debug|Any CPU
		{80519521-9306-46A0-A154-953F3B88881D}.Debug|Any CPU.Build.0 = Debug|Any CPU
		{80519521-9306-46A0-A154-953F3B88881D}.Release|Any CPU.ActiveCfg = Release|Any CPU
		{80519521-9306-46A0-A154-953F3B88881D}.Release|Any CPU.Build.0 = Release|Any CPU
	EndGlobalSection
EndGlobal
